
Microsoft Visual Studio Solution File, Format Version 12.00
Project("{FAE04EC0-301F-11D3-BF4B-00C04F79EFBC}") = "TimerPro", "TimerPro.csproj", "{BC88EB25-6CB9-449E-9124-3735363F809D}"
EndProject
Global
	GlobalSection(SolutionConfigurationPlatforms) = preSolution
		Debug|Any CPU = Debug|Any CPU
		Release|Any CPU = Release|Any CPU
	EndGlobalSection
	GlobalSection(ProjectConfigurationPlatforms) = postSolution
		{BC88EB25-6CB9-449E-9124-3735363F809D}.Debug|Any CPU.ActiveCfg = Debug|Any CPU
		{BC88EB25-6CB9-449E-9124-3735363F809D}.Debug|Any CPU.Build.0 = Debug|Any CPU
		{BC88EB25-6CB9-449E-9124-3735363F809D}.Release|Any CPU.ActiveCfg = Release|Any CPU
		{BC88EB25-6CB9-449E-9124-3735363F809D}.Release|Any CPU.Build.0 = Release|Any CPU
	EndGlobalSection
EndGlobal
